
Microsoft Visual Studio Solution File, Format Version 12.00
# Visual Studio 14
VisualStudioVersion = 14.0.24720.0
MinimumVisualStudioVersion = 10.0.40219.1
Project("{FAE04EC0-301F-11D3-BF4B-00C04F79EFBC}") = "Microsoft.Diagnostics.Tracing.Logging", "src\Microsoft.Diagnostics.Tracing.Logging.csproj", "{0419B302-41CD-4653-B22C-5D339292566B}"
EndProject
Project("{FAE04EC0-301F-11D3-BF4B-00C04F79EFBC}") = "Microsoft.Diagnostics.Tracing.Logging.UnitTests", "UnitTests\Microsoft.Diagnostics.Tracing.Logging.UnitTests.csproj", "{6EFB53DA-F3FC-43B0-87E1-124E43823D9A}"
EndProject
Project("{FAE04EC0-301F-11D3-BF4B-00C04F79EFBC}") = "ETWRotationDemo", "Utils\ETWRotationDemo\ETWRotationDemo.csproj", "{6030F6F9-5D74-4C56-AEC6-85C0AA8651A5}"
EndProject
Project("{FAE04EC0-301F-11D3-BF4B-00C04F79EFBC}") = "LogTool", "utils\LogTool\LogTool.csproj", "{0E5D506F-637E-488D-94A0-142CC3A5E1AB}"
EndProject
Project("{FAE04EC0-301F-11D3-BF4B-00C04F79EFBC}") = "Stress", "utils\stress\Stress.csproj", "{DD3C067D-A229-47AA-A198-0E5AD16597EB}"
EndProject
Project("{2150E333-8FDC-42A3-9474-1A3956D46DE8}") = "Solution Items", "Solution Items", "{BEF66177-9AFC-4A8D-9AF7-7E025EDC6709}"
	ProjectSection(SolutionItems) = preProject
		CHANGES.md = CHANGES.md
		doc\configuration.md = doc\configuration.md
		LICENSE = LICENSE
		README.md = README.md
	EndProjectSection
EndProject
Global
	GlobalSection(SolutionConfigurationPlatforms) = preSolution
		Debug|Any CPU = Debug|Any CPU
		Release|Any CPU = Release|Any CPU
	EndGlobalSection
	GlobalSection(ProjectConfigurationPlatforms) = postSolution
		{0419B302-41CD-4653-B22C-5D339292566B}.Debug|Any CPU.ActiveCfg = Debug|Any CPU
		{0419B302-41CD-4653-B22C-5D339292566B}.Debug|Any CPU.Build.0 = Debug|Any CPU
		{0419B302-41CD-4653-B22C-5D339292566B}.Release|Any CPU.ActiveCfg = Release|Any CPU
		{0419B302-41CD-4653-B22C-5D339292566B}.Release|Any CPU.Build.0 = Release|Any CPU
		{6EFB53DA-F3FC-43B0-87E1-124E43823D9A}.Debug|Any CPU.ActiveCfg = Debug|Any CPU
		{6EFB53DA-F3FC-43B0-87E1-124E43823D9A}.Debug|Any CPU.Build.0 = Debug|Any CPU
		{6EFB53DA-F3FC-43B0-87E1-124E43823D9A}.Release|Any CPU.ActiveCfg = Release|Any CPU
		{6EFB53DA-F3FC-43B0-87E1-124E43823D9A}.Release|Any CPU.Build.0 = Release|Any CPU
		{6030F6F9-5D74-4C56-AEC6-85C0AA8651A5}.Debug|Any CPU.ActiveCfg = Debug|Any CPU
		{6030F6F9-5D74-4C56-AEC6-85C0AA8651A5}.Debug|Any CPU.Build.0 = Debug|Any CPU
		{6030F6F9-5D74-4C56-AEC6-85C0AA8651A5}.Release|Any CPU.ActiveCfg = Release|Any CPU
		{6030F6F9-5D74-4C56-AEC6-85C0AA8651A5}.Release|Any CPU.Build.0 = Release|Any CPU
		{0E5D506F-637E-488D-94A0-142CC3A5E1AB}.Debug|Any CPU.ActiveCfg = Debug|Any CPU
		{0E5D506F-637E-488D-94A0-142CC3A5E1AB}.Debug|Any CPU.Build.0 = Debug|Any CPU
		{0E5D506F-637E-488D-94A0-142CC3A5E1AB}.Release|Any CPU.ActiveCfg = Release|Any CPU
		{0E5D506F-637E-488D-94A0-142CC3A5E1AB}.Release|Any CPU.Build.0 = Release|Any CPU
		{DD3C067D-A229-47AA-A198-0E5AD16597EB}.Debug|Any CPU.ActiveCfg = Debug|Any CPU
		{DD3C067D-A229-47AA-A198-0E5AD16597EB}.Debug|Any CPU.Build.0 = Debug|Any CPU
		{DD3C067D-A229-47AA-A198-0E5AD16597EB}.Release|Any CPU.ActiveCfg = Release|Any CPU
		{DD3C067D-A229-47AA-A198-0E5AD16597EB}.Release|Any CPU.Build.0 = Release|Any CPU
	EndGlobalSection
	GlobalSection(SolutionProperties) = preSolution
		HideSolutionNode = FALSE
	EndGlobalSection
EndGlobal
